{
  "name": "@timesheet/plugin-quickbooks",
  "version": "1.5.2",
  "lockfileVersion": 3,
  "requires": true,
  "packages": {
    "": {
      "name": "@timesheet/plugin-quickbooks",
      "version": "1.5.2",
      "dependencies": {
        "@timesheet/integration-sdk": "^0.4.1"
      }
    },
    "node_modules/@timesheet/integration-sdk": {
      "version": "0.4.1",
      "resolved": "https://registry.npmjs.org/@timesheet/integration-sdk/-/integration-sdk-0.4.1.tgz",
      "integrity": "sha512-7jyJv8pIfHz1sevS9YkcaH+8al6hzdGuKDhhOW51+8rVPiLds8MLaqwtJqcF2eIUMNS5r1TbLwH1U+YVO9Z5YA==",
      "engines": {
        "node": ">=16.9.0"
      }
    }
  }
}
