{
  "name": "@timesheet/plugin-google-calendar",
  "version": "1.4.5",
  "lockfileVersion": 3,
  "requires": true,
  "packages": {
    "": {
      "name": "@timesheet/plugin-google-calendar",
      "version": "1.4.5",
      "dependencies": {
        "@timesheet/integration-sdk": "^0.4.0"
      }
    },
    "node_modules/@timesheet/integration-sdk": {
      "version": "0.4.0",
      "resolved": "https://registry.npmjs.org/@timesheet/integration-sdk/-/integration-sdk-0.4.0.tgz",
      "integrity": "sha512-+yDOz1eyVq667aUNZcxShLhg2Za14wPpdj6pDOvYv/zBXTkfwypfr4aYSYSkHd8tIqklhmklbwbAr4XON4V/oQ==",
      "license": "MIT",
      "engines": {
        "node": ">=16.9.0"
      }
    }
  }
}
